
Microsoft Visual Studio Solution File, Format Version 12.00
# Visual Studio 15
VisualStudioVersion = 15.0.27428.2037
MinimumVisualStudioVersion = 10.0.40219.1
Project("{FAE04EC0-301F-11D3-BF4B-00C04F79EFBC}") = "Graphs1", "Graphs1\Graphs1.csproj", "{58C8C117-B887-4170-A04A-C03FEF646D53}"
EndProject
Global
	GlobalSection(SolutionConfigurationPlatforms) = preSolution
		Debug|Any CPU = Debug|Any CPU
		Release|Any CPU = Release|Any CPU
	EndGlobalSection
	GlobalSection(ProjectConfigurationPlatforms) = postSolution
		{58C8C117-B887-4170-A04A-C03FEF646D53}.Debug|Any CPU.ActiveCfg = Debug|Any CPU
		{58C8C117-B887-4170-A04A-C03FEF646D53}.Debug|Any CPU.Build.0 = Debug|Any CPU
		{58C8C117-B887-4170-A04A-C03FEF646D53}.Release|Any CPU.ActiveCfg = Release|Any CPU
		{58C8C117-B887-4170-A04A-C03FEF646D53}.Release|Any CPU.Build.0 = Release|Any CPU
	EndGlobalSection
	GlobalSection(SolutionProperties) = preSolution
		HideSolutionNode = FALSE
	EndGlobalSection
	GlobalSection(ExtensibilityGlobals) = postSolution
		SolutionGuid = {15A52F7C-AF8B-4B64-8D99-FFFBA04AB03D}
	EndGlobalSection
EndGlobal
